// !$*UTF8*$!
{
	archiveVersion = 1;
	classes = {
	};
	objectVersion = 50;
	objects = {

/* Begin PBXBuildFile section */
		2D35CE8B27166E04006DB590 /* AudioGuia.swift in Sources */ = {isa = PBXBuildFile; fileRef = 2D35CE8A27166E04006DB590 /* AudioGuia.swift */; };
		388BB2B526E98DBA009FA0D4 /* LoginView.swift in Sources */ = {isa = PBXBuildFile; fileRef = 388BB2B426E98DBA009FA0D4 /* LoginView.swift */; };
		3D3FABBF27160DA400BC4A75 /* Counters.swift in Sources */ = {isa = PBXBuildFile; fileRef = 3D3FABBE27160DA400BC4A75 /* Counters.swift */; };
		3D3FABC52716116E00BC4A75 /* Post.swift in Sources */ = {isa = PBXBuildFile; fileRef = 3D3FABC42716116E00BC4A75 /* Post.swift */; };
		3D3FABC7271611F700BC4A75 /* PostsView.swift in Sources */ = {isa = PBXBuildFile; fileRef = 3D3FABC6271611F700BC4A75 /* PostsView.swift */; };
		3D3FABC9271613D300BC4A75 /* Gimage.swift in Sources */ = {isa = PBXBuildFile; fileRef = 3D3FABC8271613D300BC4A75 /* Gimage.swift */; };
		3D3FABCB271622E900BC4A75 /* VideosView.swift in Sources */ = {isa = PBXBuildFile; fileRef = 3D3FABCA271622E900BC4A75 /* VideosView.swift */; };
		3D3FABCD271623AC00BC4A75 /* AudioguiasView.swift in Sources */ = {isa = PBXBuildFile; fileRef = 3D3FABCC271623AC00BC4A75 /* AudioguiasView.swift */; };
		3D8895C02715D29A00A0B432 /* NameSection.swift in Sources */ = {isa = PBXBuildFile; fileRef = 3D8895BF2715D29A00A0B432 /* NameSection.swift */; };
		3D8895C22715D57100A0B432 /* ExposicionesView.swift in Sources */ = {isa = PBXBuildFile; fileRef = 3D8895C12715D57100A0B432 /* ExposicionesView.swift */; };
		3D8895C42715DF4B00A0B432 /* CapImage.swift in Sources */ = {isa = PBXBuildFile; fileRef = 3D8895C32715DF4B00A0B432 /* CapImage.swift */; };
		3D8895C62715DFC700A0B432 /* CapuslasView.swift in Sources */ = {isa = PBXBuildFile; fileRef = 3D8895C52715DFC700A0B432 /* CapuslasView.swift */; };
		3D8895C82715E8C700A0B432 /* Box.swift in Sources */ = {isa = PBXBuildFile; fileRef = 3D8895C72715E8C700A0B432 /* Box.swift */; };
		3D8895CA2715EA3C00A0B432 /* Avatar.swift in Sources */ = {isa = PBXBuildFile; fileRef = 3D8895C92715EA3C00A0B432 /* Avatar.swift */; };
		3DB99B5227141C15003115FD /* MenuButton.swift in Sources */ = {isa = PBXBuildFile; fileRef = 3DB99B5127141C15003115FD /* MenuButton.swift */; };
		3DB99B5427141C4F003115FD /* MenuContent.swift in Sources */ = {isa = PBXBuildFile; fileRef = 3DB99B5327141C4F003115FD /* MenuContent.swift */; };
		3DB99B5627141C7E003115FD /* SideMenu.swift in Sources */ = {isa = PBXBuildFile; fileRef = 3DB99B5527141C7E003115FD /* SideMenu.swift */; };
		3DB99B5D27141EA5003115FD /* Head.swift in Sources */ = {isa = PBXBuildFile; fileRef = 3DB99B5C27141EA5003115FD /* Head.swift */; };
		8B00017426E28DEE004D175E /* MARCOApp.swift in Sources */ = {isa = PBXBuildFile; fileRef = 8B00017326E28DEE004D175E /* MARCOApp.swift */; };
		8B00017626E28DEE004D175E /* ContentView.swift in Sources */ = {isa = PBXBuildFile; fileRef = 8B00017526E28DEE004D175E /* ContentView.swift */; };
		8B00017826E28DF0004D175E /* Assets.xcassets in Resources */ = {isa = PBXBuildFile; fileRef = 8B00017726E28DF0004D175E /* Assets.xcassets */; };
		8B00017B26E28DF0004D175E /* Preview Assets.xcassets in Resources */ = {isa = PBXBuildFile; fileRef = 8B00017A26E28DF0004D175E /* Preview Assets.xcassets */; };
		8B00017D26E28DF0004D175E /* Persistence.swift in Sources */ = {isa = PBXBuildFile; fileRef = 8B00017C26E28DF0004D175E /* Persistence.swift */; };
		8B00018026E28DF0004D175E /* MARCO.xcdatamodeld in Sources */ = {isa = PBXBuildFile; fileRef = 8B00017E26E28DF0004D175E /* MARCO.xcdatamodeld */; };
		8B9487AD270FFA930012A291 /* LoginViewModel.swift in Sources */ = {isa = PBXBuildFile; fileRef = 8B9487AC270FFA930012A291 /* LoginViewModel.swift */; };
		8B9487AF270FFE320012A291 /* WebService.swift in Sources */ = {isa = PBXBuildFile; fileRef = 8B9487AE270FFE320012A291 /* WebService.swift */; };
		8B9487B127125A0F0012A291 /* SignUpView.swift in Sources */ = {isa = PBXBuildFile; fileRef = 8B9487B027125A0F0012A291 /* SignUpView.swift */; };
		8B9487B327136D320012A291 /* UserModel.swift in Sources */ = {isa = PBXBuildFile; fileRef = 8B9487B227136D320012A291 /* UserModel.swift */; };
		8B9487B52713709D0012A291 /* UsersViewModel.swift in Sources */ = {isa = PBXBuildFile; fileRef = 8B9487B42713709D0012A291 /* UsersViewModel.swift */; };
		8BC02DB126EAAEF400417A58 /* ExpoView.swift in Sources */ = {isa = PBXBuildFile; fileRef = 8BC02DB026EAAEF400417A58 /* ExpoView.swift */; };
		8BC02DB326EAAF9000417A58 /* ExpoModel.swift in Sources */ = {isa = PBXBuildFile; fileRef = 8BC02DB226EAAF9000417A58 /* ExpoModel.swift */; };
		8BE22B0626EA737600D7856D /* PerfilView.swift in Sources */ = {isa = PBXBuildFile; fileRef = 8BE22B0526EA737600D7856D /* PerfilView.swift */; };
		8BE8EA32271A3AF5003FC4F1 /* ReservacionesView.swift in Sources */ = {isa = PBXBuildFile; fileRef = 8BE8EA31271A3AF5003FC4F1 /* ReservacionesView.swift */; };
		8BE8EA35271A6389003FC4F1 /* EscogeGuia.swift in Sources */ = {isa = PBXBuildFile; fileRef = 8BE8EA34271A6389003FC4F1 /* EscogeGuia.swift */; };
		C3959C4526EAC80700A1C542 /* HomeDynamic.swift in Sources */ = {isa = PBXBuildFile; fileRef = C3959C4426EAC80700A1C542 /* HomeDynamic.swift */; };
		C3959EB926E87C9D008378B2 /* HomeView.swift in Sources */ = {isa = PBXBuildFile; fileRef = C3959EB826E87C9D008378B2 /* HomeView.swift */; };
/* End PBXBuildFile section */

/* Begin PBXFileReference section */
		2D35CE8A27166E04006DB590 /* AudioGuia.swift */ = {isa = PBXFileReference; lastKnownFileType = sourcecode.swift; path = AudioGuia.swift; sourceTree = "<group>"; };
		388BB2B426E98DBA009FA0D4 /* LoginView.swift */ = {isa = PBXFileReference; lastKnownFileType = sourcecode.swift; path = LoginView.swift; sourceTree = "<group>"; };
		3D3FABBE27160DA400BC4A75 /* Counters.swift */ = {isa = PBXFileReference; lastKnownFileType = sourcecode.swift; path = Counters.swift; sourceTree = "<group>"; };
		3D3FABC42716116E00BC4A75 /* Post.swift */ = {isa = PBXFileReference; lastKnownFileType = sourcecode.swift; path = Post.swift; sourceTree = "<group>"; };
		3D3FABC6271611F700BC4A75 /* PostsView.swift */ = {isa = PBXFileReference; lastKnownFileType = sourcecode.swift; path = PostsView.swift; sourceTree = "<group>"; };
		3D3FABC8271613D300BC4A75 /* Gimage.swift */ = {isa = PBXFileReference; lastKnownFileType = sourcecode.swift; path = Gimage.swift; sourceTree = "<group>"; };
		3D3FABCA271622E900BC4A75 /* VideosView.swift */ = {isa = PBXFileReference; lastKnownFileType = sourcecode.swift; path = VideosView.swift; sourceTree = "<group>"; };
		3D3FABCC271623AC00BC4A75 /* AudioguiasView.swift */ = {isa = PBXFileReference; lastKnownFileType = sourcecode.swift; path = AudioguiasView.swift; sourceTree = "<group>"; };
		3D8895BF2715D29A00A0B432 /* NameSection.swift */ = {isa = PBXFileReference; lastKnownFileType = sourcecode.swift; path = NameSection.swift; sourceTree = "<group>"; };
		3D8895C12715D57100A0B432 /* ExposicionesView.swift */ = {isa = PBXFileReference; lastKnownFileType = sourcecode.swift; path = ExposicionesView.swift; sourceTree = "<group>"; };
		3D8895C32715DF4B00A0B432 /* CapImage.swift */ = {isa = PBXFileReference; lastKnownFileType = sourcecode.swift; path = CapImage.swift; sourceTree = "<group>"; };
		3D8895C52715DFC700A0B432 /* CapuslasView.swift */ = {isa = PBXFileReference; lastKnownFileType = sourcecode.swift; path = CapuslasView.swift; sourceTree = "<group>"; };
		3D8895C72715E8C700A0B432 /* Box.swift */ = {isa = PBXFileReference; lastKnownFileType = sourcecode.swift; path = Box.swift; sourceTree = "<group>"; };
		3D8895C92715EA3C00A0B432 /* Avatar.swift */ = {isa = PBXFileReference; lastKnownFileType = sourcecode.swift; path = Avatar.swift; sourceTree = "<group>"; };
		3DB99B5127141C15003115FD /* MenuButton.swift */ = {isa = PBXFileReference; lastKnownFileType = sourcecode.swift; path = MenuButton.swift; sourceTree = "<group>"; };
		3DB99B5327141C4F003115FD /* MenuContent.swift */ = {isa = PBXFileReference; lastKnownFileType = sourcecode.swift; path = MenuContent.swift; sourceTree = "<group>"; };
		3DB99B5527141C7E003115FD /* SideMenu.swift */ = {isa = PBXFileReference; lastKnownFileType = sourcecode.swift; path = SideMenu.swift; sourceTree = "<group>"; };
		3DB99B5C27141EA5003115FD /* Head.swift */ = {isa = PBXFileReference; lastKnownFileType = sourcecode.swift; path = Head.swift; sourceTree = "<group>"; };
		8B00017026E28DEE004D175E /* MARCO.app */ = {isa = PBXFileReference; explicitFileType = wrapper.application; includeInIndex = 0; path = MARCO.app; sourceTree = BUILT_PRODUCTS_DIR; };
		8B00017326E28DEE004D175E /* MARCOApp.swift */ = {isa = PBXFileReference; lastKnownFileType = sourcecode.swift; path = MARCOApp.swift; sourceTree = "<group>"; };
		8B00017526E28DEE004D175E /* ContentView.swift */ = {isa = PBXFileReference; lastKnownFileType = sourcecode.swift; path = ContentView.swift; sourceTree = "<group>"; };
		8B00017726E28DF0004D175E /* Assets.xcassets */ = {isa = PBXFileReference; lastKnownFileType = folder.assetcatalog; path = Assets.xcassets; sourceTree = "<group>"; };
		8B00017A26E28DF0004D175E /* Preview Assets.xcassets */ = {isa = PBXFileReference; lastKnownFileType = folder.assetcatalog; path = "Preview Assets.xcassets"; sourceTree = "<group>"; };
		8B00017C26E28DF0004D175E /* Persistence.swift */ = {isa = PBXFileReference; lastKnownFileType = sourcecode.swift; path = Persistence.swift; sourceTree = "<group>"; };
		8B00017F26E28DF0004D175E /* MARCO.xcdatamodel */ = {isa = PBXFileReference; lastKnownFileType = wrapper.xcdatamodel; path = MARCO.xcdatamodel; sourceTree = "<group>"; };
		8B00018126E28DF0004D175E /* Info.plist */ = {isa = PBXFileReference; lastKnownFileType = text.plist.xml; path = Info.plist; sourceTree = "<group>"; };
		8B9487AC270FFA930012A291 /* LoginViewModel.swift */ = {isa = PBXFileReference; lastKnownFileType = sourcecode.swift; path = LoginViewModel.swift; sourceTree = "<group>"; };
		8B9487AE270FFE320012A291 /* WebService.swift */ = {isa = PBXFileReference; lastKnownFileType = sourcecode.swift; path = WebService.swift; sourceTree = "<group>"; };
		8B9487B027125A0F0012A291 /* SignUpView.swift */ = {isa = PBXFileReference; lastKnownFileType = sourcecode.swift; path = SignUpView.swift; sourceTree = "<group>"; };
		8B9487B227136D320012A291 /* UserModel.swift */ = {isa = PBXFileReference; lastKnownFileType = sourcecode.swift; path = UserModel.swift; sourceTree = "<group>"; };
		8B9487B42713709D0012A291 /* UsersViewModel.swift */ = {isa = PBXFileReference; lastKnownFileType = sourcecode.swift; path = UsersViewModel.swift; sourceTree = "<group>"; };
		8BC02DB026EAAEF400417A58 /* ExpoView.swift */ = {isa = PBXFileReference; lastKnownFileType = sourcecode.swift; path = ExpoView.swift; sourceTree = "<group>"; };
		8BC02DB226EAAF9000417A58 /* ExpoModel.swift */ = {isa = PBXFileReference; lastKnownFileType = sourcecode.swift; path = ExpoModel.swift; sourceTree = "<group>"; };
		8BC02DB526EAB96F00417A58 /* Urbanist.ttf */ = {isa = PBXFileReference; lastKnownFileType = file; path = Urbanist.ttf; sourceTree = "<group>"; };
		8BE22B0526EA737600D7856D /* PerfilView.swift */ = {isa = PBXFileReference; lastKnownFileType = sourcecode.swift; path = PerfilView.swift; sourceTree = "<group>"; };
		8BE8EA31271A3AF5003FC4F1 /* ReservacionesView.swift */ = {isa = PBXFileReference; lastKnownFileType = sourcecode.swift; path = ReservacionesView.swift; sourceTree = "<group>"; };
		8BE8EA34271A6389003FC4F1 /* EscogeGuia.swift */ = {isa = PBXFileReference; lastKnownFileType = sourcecode.swift; path = EscogeGuia.swift; sourceTree = "<group>"; };
		C3959C4426EAC80700A1C542 /* HomeDynamic.swift */ = {isa = PBXFileReference; lastKnownFileType = sourcecode.swift; path = HomeDynamic.swift; sourceTree = "<group>"; };
		C3959EB826E87C9D008378B2 /* HomeView.swift */ = {isa = PBXFileReference; lastKnownFileType = sourcecode.swift; path = HomeView.swift; sourceTree = "<group>"; };
/* End PBXFileReference section */

/* Begin PBXFrameworksBuildPhase section */
		8B00016D26E28DEE004D175E /* Frameworks */ = {
			isa = PBXFrameworksBuildPhase;
			buildActionMask = 2147483647;
			files = (
			);
			runOnlyForDeploymentPostprocessing = 0;
		};
/* End PBXFrameworksBuildPhase section */

/* Begin PBXGroup section */
		2D35CE8727166D9F006DB590 /* AudioGuiaViews */ = {
			isa = PBXGroup;
			children = (
				2D35CE8A27166E04006DB590 /* AudioGuia.swift */,
			);
			path = AudioGuiaViews;
			sourceTree = "<group>";
		};
		3D3FABCE2716245C00BC4A75 /* Helpers */ = {
			isa = PBXGroup;
			children = (
				3D3FABBE27160DA400BC4A75 /* Counters.swift */,
				3D3FABC42716116E00BC4A75 /* Post.swift */,
				3D8895C92715EA3C00A0B432 /* Avatar.swift */,
				3D8895C72715E8C700A0B432 /* Box.swift */,
			);
			path = Helpers;
			sourceTree = "<group>";
		};
		3D3FABCF271624B300BC4A75 /* Helpers */ = {
			isa = PBXGroup;
			children = (
				3D8895C32715DF4B00A0B432 /* CapImage.swift */,
				3D8895BF2715D29A00A0B432 /* NameSection.swift */,
			);
			path = Helpers;
			sourceTree = "<group>";
		};
		3D3FABD0271625FA00BC4A75 /* Views Helpers */ = {
			isa = PBXGroup;
			children = (
				3D3FABC6271611F700BC4A75 /* PostsView.swift */,
			);
			path = "Views Helpers";
			sourceTree = "<group>";
		};
		3D3FABD12716262100BC4A75 /* Views Helpers */ = {
			isa = PBXGroup;
			children = (
				3D3FABCC271623AC00BC4A75 /* AudioguiasView.swift */,
				3D8895C52715DFC700A0B432 /* CapuslasView.swift */,
				3D8895C12715D57100A0B432 /* ExposicionesView.swift */,
				3D3FABCA271622E900BC4A75 /* VideosView.swift */,
			);
			path = "Views Helpers";
			sourceTree = "<group>";
		};
		3DB99B4F27141BAE003115FD /* ViewsMenu */ = {
			isa = PBXGroup;
			children = (
				3DB99B5127141C15003115FD /* MenuButton.swift */,
				3DB99B5327141C4F003115FD /* MenuContent.swift */,
				3DB99B5527141C7E003115FD /* SideMenu.swift */,
			);
			path = ViewsMenu;
			sourceTree = "<group>";
		};
		3DB99B5727141C9B003115FD /* HomeViews */ = {
			isa = PBXGroup;
			children = (
				3D3FABD12716262100BC4A75 /* Views Helpers */,
				3D3FABCF271624B300BC4A75 /* Helpers */,
				C3959C4426EAC80700A1C542 /* HomeDynamic.swift */,
				C3959EB826E87C9D008378B2 /* HomeView.swift */,
			);
			path = HomeViews;
			sourceTree = "<group>";
		};
		3DB99B5827141CAE003115FD /* LogSignViews */ = {
			isa = PBXGroup;
			children = (
				8B9487B027125A0F0012A291 /* SignUpView.swift */,
				388BB2B426E98DBA009FA0D4 /* LoginView.swift */,
			);
			path = LogSignViews;
			sourceTree = "<group>";
		};
		3DB99B5927141DCC003115FD /* ExpoViews */ = {
			isa = PBXGroup;
			children = (
				8BC02DB026EAAEF400417A58 /* ExpoView.swift */,
			);
			path = ExpoViews;
			sourceTree = "<group>";
		};
		3DB99B5A27141E16003115FD /* PerfilViews */ = {
			isa = PBXGroup;
			children = (
				3D3FABD0271625FA00BC4A75 /* Views Helpers */,
				3D3FABCE2716245C00BC4A75 /* Helpers */,
				8BE22B0526EA737600D7856D /* PerfilView.swift */,
			);
			path = PerfilViews;
			sourceTree = "<group>";
		};
		3DB99B5B27141E6F003115FD /* General Helpers */ = {
			isa = PBXGroup;
			children = (
				3DB99B5C27141EA5003115FD /* Head.swift */,
				3D3FABC8271613D300BC4A75 /* Gimage.swift */,
			);
			path = "General Helpers";
			sourceTree = "<group>";
		};
		8B00016726E28DEE004D175E = {
			isa = PBXGroup;
			children = (
				8B00017226E28DEE004D175E /* MARCO */,
				8B00017126E28DEE004D175E /* Products */,
			);
			sourceTree = "<group>";
		};
		8B00017126E28DEE004D175E /* Products */ = {
			isa = PBXGroup;
			children = (
				8B00017026E28DEE004D175E /* MARCO.app */,
			);
			name = Products;
			sourceTree = "<group>";
		};
		8B00017226E28DEE004D175E /* MARCO */ = {
			isa = PBXGroup;
			children = (
				8B00017326E28DEE004D175E /* MARCOApp.swift */,
				8B9487AB270FF7DB0012A291 /* Services */,
				8B9487AA270FF7D40012A291 /* ViewModel */,
				8B9487A9270FF7CD0012A291 /* Models */,
				8B9487A8270FF7C60012A291 /* Views */,
				8B00017526E28DEE004D175E /* ContentView.swift */,
				8B00017726E28DF0004D175E /* Assets.xcassets */,
				8B00017C26E28DF0004D175E /* Persistence.swift */,
				8B00018126E28DF0004D175E /* Info.plist */,
				8B00017E26E28DF0004D175E /* MARCO.xcdatamodeld */,
				8BC02DB426EAB94100417A58 /* fonts */,
				8B00017926E28DF0004D175E /* Preview Content */,
			);
			path = MARCO;
			sourceTree = "<group>";
		};
		8B00017926E28DF0004D175E /* Preview Content */ = {
			isa = PBXGroup;
			children = (
				8B00017A26E28DF0004D175E /* Preview Assets.xcassets */,
			);
			path = "Preview Content";
			sourceTree = "<group>";
		};
		8B9487A8270FF7C60012A291 /* Views */ = {
			isa = PBXGroup;
			children = (
				8BE8EA33271A635D003FC4F1 /* ReservarViews */,
				2D35CE8727166D9F006DB590 /* AudioGuiaViews */,
				3DB99B5B27141E6F003115FD /* General Helpers */,
				3DB99B5A27141E16003115FD /* PerfilViews */,
				3DB99B5927141DCC003115FD /* ExpoViews */,
				3DB99B5827141CAE003115FD /* LogSignViews */,
				3DB99B5727141C9B003115FD /* HomeViews */,
				3DB99B4F27141BAE003115FD /* ViewsMenu */,
			);
			path = Views;
			sourceTree = "<group>";
		};
		8B9487A9270FF7CD0012A291 /* Models */ = {
			isa = PBXGroup;
			children = (
				8BC02DB226EAAF9000417A58 /* ExpoModel.swift */,
				8B9487B227136D320012A291 /* UserModel.swift */,
			);
			path = Models;
			sourceTree = "<group>";
		};
		8B9487AA270FF7D40012A291 /* ViewModel */ = {
			isa = PBXGroup;
			children = (
				8B9487AC270FFA930012A291 /* LoginViewModel.swift */,
				8B9487B42713709D0012A291 /* UsersViewModel.swift */,
			);
			path = ViewModel;
			sourceTree = "<group>";
		};
		8B9487AB270FF7DB0012A291 /* Services */ = {
			isa = PBXGroup;
			children = (
				8B9487AE270FFE320012A291 /* WebService.swift */,
			);
			path = Services;
			sourceTree = "<group>";
		};
		8BC02DB426EAB94100417A58 /* fonts */ = {
			isa = PBXGroup;
			children = (
				8BC02DB526EAB96F00417A58 /* Urbanist.ttf */,
			);
			path = fonts;
			sourceTree = "<group>";
		};
		8BE8EA33271A635D003FC4F1 /* ReservarViews */ = {
			isa = PBXGroup;
			children = (
				8BE8EA31271A3AF5003FC4F1 /* ReservacionesView.swift */,
				8BE8EA34271A6389003FC4F1 /* EscogeGuia.swift */,
			);
			path = ReservarViews;
			sourceTree = "<group>";
		};
/* End PBXGroup section */

/* Begin PBXNativeTarget section */
		8B00016F26E28DEE004D175E /* MARCO */ = {
			isa = PBXNativeTarget;
			buildConfigurationList = 8B00018426E28DF0004D175E /* Build configuration list for PBXNativeTarget "MARCO" */;
			buildPhases = (
				8B00016C26E28DEE004D175E /* Sources */,
				8B00016D26E28DEE004D175E /* Frameworks */,
				8B00016E26E28DEE004D175E /* Resources */,
			);
			buildRules = (
			);
			dependencies = (
			);
			name = MARCO;
			productName = MARCO;
			productReference = 8B00017026E28DEE004D175E /* MARCO.app */;
			productType = "com.apple.product-type.application";
		};
/* End PBXNativeTarget section */

/* Begin PBXProject section */
		8B00016826E28DEE004D175E /* Project object */ = {
			isa = PBXProject;
			attributes = {
				LastSwiftUpdateCheck = 1250;
				LastUpgradeCheck = 1250;
				TargetAttributes = {
					8B00016F26E28DEE004D175E = {
						CreatedOnToolsVersion = 12.5.1;
					};
				};
			};
			buildConfigurationList = 8B00016B26E28DEE004D175E /* Build configuration list for PBXProject "MARCO" */;
			compatibilityVersion = "Xcode 9.3";
			developmentRegion = en;
			hasScannedForEncodings = 0;
			knownRegions = (
				en,
				Base,
			);
			mainGroup = 8B00016726E28DEE004D175E;
			productRefGroup = 8B00017126E28DEE004D175E /* Products */;
			projectDirPath = "";
			projectRoot = "";
			targets = (
				8B00016F26E28DEE004D175E /* MARCO */,
			);
		};
/* End PBXProject section */

/* Begin PBXResourcesBuildPhase section */
		8B00016E26E28DEE004D175E /* Resources */ = {
			isa = PBXResourcesBuildPhase;
			buildActionMask = 2147483647;
			files = (
				8B00017B26E28DF0004D175E /* Preview Assets.xcassets in Resources */,
				8B00017826E28DF0004D175E /* Assets.xcassets in Resources */,
			);
			runOnlyForDeploymentPostprocessing = 0;
		};
/* End PBXResourcesBuildPhase section */

/* Begin PBXSourcesBuildPhase section */
		8B00016C26E28DEE004D175E /* Sources */ = {
			isa = PBXSourcesBuildPhase;
			buildActionMask = 2147483647;
			files = (
				8BC02DB126EAAEF400417A58 /* ExpoView.swift in Sources */,
				388BB2B526E98DBA009FA0D4 /* LoginView.swift in Sources */,
				2D35CE8B27166E04006DB590 /* AudioGuia.swift in Sources */,
				3D3FABC9271613D300BC4A75 /* Gimage.swift in Sources */,
				3D8895C02715D29A00A0B432 /* NameSection.swift in Sources */,
				8BE8EA32271A3AF5003FC4F1 /* ReservacionesView.swift in Sources */,
				8B9487AF270FFE320012A291 /* WebService.swift in Sources */,
				3D8895C62715DFC700A0B432 /* CapuslasView.swift in Sources */,
				3D8895C22715D57100A0B432 /* ExposicionesView.swift in Sources */,
				3DB99B5627141C7E003115FD /* SideMenu.swift in Sources */,
				3DB99B5D27141EA5003115FD /* Head.swift in Sources */,
				8B9487AD270FFA930012A291 /* LoginViewModel.swift in Sources */,
				3DB99B5427141C4F003115FD /* MenuContent.swift in Sources */,
				8B9487B52713709D0012A291 /* UsersViewModel.swift in Sources */,
				8BE22B0626EA737600D7856D /* PerfilView.swift in Sources */,
				8B00018026E28DF0004D175E /* MARCO.xcdatamodeld in Sources */,
				3D8895CA2715EA3C00A0B432 /* Avatar.swift in Sources */,
				8B00017D26E28DF0004D175E /* Persistence.swift in Sources */,
				3D3FABCD271623AC00BC4A75 /* AudioguiasView.swift in Sources */,
				8B00017626E28DEE004D175E /* ContentView.swift in Sources */,
				8B9487B327136D320012A291 /* UserModel.swift in Sources */,
				8B9487B127125A0F0012A291 /* SignUpView.swift in Sources */,
				8BC02DB326EAAF9000417A58 /* ExpoModel.swift in Sources */,
				3DB99B5227141C15003115FD /* MenuButton.swift in Sources */,
				3D8895C42715DF4B00A0B432 /* CapImage.swift in Sources */,
				C3959C4526EAC80700A1C542 /* HomeDynamic.swift in Sources */,
				3D3FABC7271611F700BC4A75 /* PostsView.swift in Sources */,
				3D3FABBF27160DA400BC4A75 /* Counters.swift in Sources */,
				3D3FABCB271622E900BC4A75 /* VideosView.swift in Sources */,
				8BE8EA35271A6389003FC4F1 /* EscogeGuia.swift in Sources */,
				3D8895C82715E8C700A0B432 /* Box.swift in Sources */,
				3D3FABC52716116E00BC4A75 /* Post.swift in Sources */,
				C3959EB926E87C9D008378B2 /* HomeView.swift in Sources */,
				8B00017426E28DEE004D175E /* MARCOApp.swift in Sources */,
			);
			runOnlyForDeploymentPostprocessing = 0;
		};
/* End PBXSourcesBuildPhase section */

/* Begin XCBuildConfiguration section */
		8B00018226E28DF0004D175E /* Debug */ = {
			isa = XCBuildConfiguration;
			buildSettings = {
				ALWAYS_SEARCH_USER_PATHS = NO;
				CLANG_ANALYZER_NONNULL = YES;
				CLANG_ANALYZER_NUMBER_OBJECT_CONVERSION = YES_AGGRESSIVE;
				CLANG_CXX_LANGUAGE_STANDARD = "gnu++14";
				CLANG_CXX_LIBRARY = "libc++";
				CLANG_ENABLE_MODULES = YES;
				CLANG_ENABLE_OBJC_ARC = YES;
				CLANG_ENABLE_OBJC_WEAK = YES;
				CLANG_WARN_BLOCK_CAPTURE_AUTORELEASING = YES;
				CLANG_WARN_BOOL_CONVERSION = YES;
				CLANG_WARN_COMMA = YES;
				CLANG_WARN_CONSTANT_CONVERSION = YES;
				CLANG_WARN_DEPRECATED_OBJC_IMPLEMENTATIONS = YES;
				CLANG_WARN_DIRECT_OBJC_ISA_USAGE = YES_ERROR;
				CLANG_WARN_DOCUMENTATION_COMMENTS = YES;
				CLANG_WARN_EMPTY_BODY = YES;
				CLANG_WARN_ENUM_CONVERSION = YES;
				CLANG_WARN_INFINITE_RECURSION = YES;
				CLANG_WARN_INT_CONVERSION = YES;
				CLANG_WARN_NON_LITERAL_NULL_CONVERSION = YES;
				CLANG_WARN_OBJC_IMPLICIT_RETAIN_SELF = YES;
				CLANG_WARN_OBJC_LITERAL_CONVERSION = YES;
				CLANG_WARN_OBJC_ROOT_CLASS = YES_ERROR;
				CLANG_WARN_QUOTED_INCLUDE_IN_FRAMEWORK_HEADER = YES;
				CLANG_WARN_RANGE_LOOP_ANALYSIS = YES;
				CLANG_WARN_STRICT_PROTOTYPES = YES;
				CLANG_WARN_SUSPICIOUS_MOVE = YES;
				CLANG_WARN_UNGUARDED_AVAILABILITY = YES_AGGRESSIVE;
				CLANG_WARN_UNREACHABLE_CODE = YES;
				CLANG_WARN__DUPLICATE_METHOD_MATCH = YES;
				COPY_PHASE_STRIP = NO;
				DEBUG_INFORMATION_FORMAT = dwarf;
				ENABLE_STRICT_OBJC_MSGSEND = YES;
				ENABLE_TESTABILITY = YES;
				GCC_C_LANGUAGE_STANDARD = gnu11;
				GCC_DYNAMIC_NO_PIC = NO;
				GCC_NO_COMMON_BLOCKS = YES;
				GCC_OPTIMIZATION_LEVEL = 0;
				GCC_PREPROCESSOR_DEFINITIONS = (
					"DEBUG=1",
					"$(inherited)",
				);
				GCC_WARN_64_TO_32_BIT_CONVERSION = YES;
				GCC_WARN_ABOUT_RETURN_TYPE = YES_ERROR;
				GCC_WARN_UNDECLARED_SELECTOR = YES;
				GCC_WARN_UNINITIALIZED_AUTOS = YES_AGGRESSIVE;
				GCC_WARN_UNUSED_FUNCTION = YES;
				GCC_WARN_UNUSED_VARIABLE = YES;
				IPHONEOS_DEPLOYMENT_TARGET = 14.5;
				MTL_ENABLE_DEBUG_INFO = INCLUDE_SOURCE;
				MTL_FAST_MATH = YES;
				ONLY_ACTIVE_ARCH = YES;
				SDKROOT = iphoneos;
				SWIFT_ACTIVE_COMPILATION_CONDITIONS = DEBUG;
				SWIFT_OPTIMIZATION_LEVEL = "-Onone";
			};
			name = Debug;
		};
		8B00018326E28DF0004D175E /* Release */ = {
			isa = XCBuildConfiguration;
			buildSettings = {
				ALWAYS_SEARCH_USER_PATHS = NO;
				CLANG_ANALYZER_NONNULL = YES;
				CLANG_ANALYZER_NUMBER_OBJECT_CONVERSION = YES_AGGRESSIVE;
				CLANG_CXX_LANGUAGE_STANDARD = "gnu++14";
				CLANG_CXX_LIBRARY = "libc++";
				CLANG_ENABLE_MODULES = YES;
				CLANG_ENABLE_OBJC_ARC = YES;
				CLANG_ENABLE_OBJC_WEAK = YES;
				CLANG_WARN_BLOCK_CAPTURE_AUTORELEASING = YES;
				CLANG_WARN_BOOL_CONVERSION = YES;
				CLANG_WARN_COMMA = YES;
				CLANG_WARN_CONSTANT_CONVERSION = YES;
				CLANG_WARN_DEPRECATED_OBJC_IMPLEMENTATIONS = YES;
				CLANG_WARN_DIRECT_OBJC_ISA_USAGE = YES_ERROR;
				CLANG_WARN_DOCUMENTATION_COMMENTS = YES;
				CLANG_WARN_EMPTY_BODY = YES;
				CLANG_WARN_ENUM_CONVERSION = YES;
				CLANG_WARN_INFINITE_RECURSION = YES;
				CLANG_WARN_INT_CONVERSION = YES;
				CLANG_WARN_NON_LITERAL_NULL_CONVERSION = YES;
				CLANG_WARN_OBJC_IMPLICIT_RETAIN_SELF = YES;
				CLANG_WARN_OBJC_LITERAL_CONVERSION = YES;
				CLANG_WARN_OBJC_ROOT_CLASS = YES_ERROR;
				CLANG_WARN_QUOTED_INCLUDE_IN_FRAMEWORK_HEADER = YES;
				CLANG_WARN_RANGE_LOOP_ANALYSIS = YES;
				CLANG_WARN_STRICT_PROTOTYPES = YES;
				CLANG_WARN_SUSPICIOUS_MOVE = YES;
				CLANG_WARN_UNGUARDED_AVAILABILITY = YES_AGGRESSIVE;
				CLANG_WARN_UNREACHABLE_CODE = YES;
				CLANG_WARN__DUPLICATE_METHOD_MATCH = YES;
				COPY_PHASE_STRIP = NO;
				DEBUG_INFORMATION_FORMAT = "dwarf-with-dsym";
				ENABLE_NS_ASSERTIONS = NO;
				ENABLE_STRICT_OBJC_MSGSEND = YES;
				GCC_C_LANGUAGE_STANDARD = gnu11;
				GCC_NO_COMMON_BLOCKS = YES;
				GCC_WARN_64_TO_32_BIT_CONVERSION = YES;
				GCC_WARN_ABOUT_RETURN_TYPE = YES_ERROR;
				GCC_WARN_UNDECLARED_SELECTOR = YES;
				GCC_WARN_UNINITIALIZED_AUTOS = YES_AGGRESSIVE;
				GCC_WARN_UNUSED_FUNCTION = YES;
				GCC_WARN_UNUSED_VARIABLE = YES;
				IPHONEOS_DEPLOYMENT_TARGET = 14.5;
				MTL_ENABLE_DEBUG_INFO = NO;
				MTL_FAST_MATH = YES;
				SDKROOT = iphoneos;
				SWIFT_COMPILATION_MODE = wholemodule;
				SWIFT_OPTIMIZATION_LEVEL = "-O";
				VALIDATE_PRODUCT = YES;
			};
			name = Release;
		};
		8B00018526E28DF0004D175E /* Debug */ = {
			isa = XCBuildConfiguration;
			buildSettings = {
				ASSETCATALOG_COMPILER_APPICON_NAME = AppIcon;
				ASSETCATALOG_COMPILER_GLOBAL_ACCENT_COLOR_NAME = AccentColor;
				CODE_SIGN_STYLE = Automatic;
				DEVELOPMENT_ASSET_PATHS = "\"MARCO/Preview Content\"";
				DEVELOPMENT_TEAM = SY29J55F4T;
				ENABLE_PREVIEWS = YES;
				INFOPLIST_FILE = MARCO/Info.plist;
				IPHONEOS_DEPLOYMENT_TARGET = 14.0;
				LD_RUNPATH_SEARCH_PATHS = (
					"$(inherited)",
					"@executable_path/Frameworks",
				);
				PRODUCT_BUNDLE_IDENTIFIER = valeriaconde.MARCO;
				PRODUCT_NAME = "$(TARGET_NAME)";
				SWIFT_VERSION = 5.0;
				TARGETED_DEVICE_FAMILY = "1,2";
			};
			name = Debug;
		};
		8B00018626E28DF0004D175E /* Release */ = {
			isa = XCBuildConfiguration;
			buildSettings = {
				ASSETCATALOG_COMPILER_APPICON_NAME = AppIcon;
				ASSETCATALOG_COMPILER_GLOBAL_ACCENT_COLOR_NAME = AccentColor;
				CODE_SIGN_STYLE = Automatic;
				DEVELOPMENT_ASSET_PATHS = "\"MARCO/Preview Content\"";
				DEVELOPMENT_TEAM = SY29J55F4T;
				ENABLE_PREVIEWS = YES;
				INFOPLIST_FILE = MARCO/Info.plist;
				IPHONEOS_DEPLOYMENT_TARGET = 14.0;
				LD_RUNPATH_SEARCH_PATHS = (
					"$(inherited)",
					"@executable_path/Frameworks",
				);
				PRODUCT_BUNDLE_IDENTIFIER = valeriaconde.MARCO;
				PRODUCT_NAME = "$(TARGET_NAME)";
				SWIFT_VERSION = 5.0;
				TARGETED_DEVICE_FAMILY = "1,2";
			};
			name = Release;
		};
/* End XCBuildConfiguration section */

/* Begin XCConfigurationList section */
		8B00016B26E28DEE004D175E /* Build configuration list for PBXProject "MARCO" */ = {
			isa = XCConfigurationList;
			buildConfigurations = (
				8B00018226E28DF0004D175E /* Debug */,
				8B00018326E28DF0004D175E /* Release */,
			);
			defaultConfigurationIsVisible = 0;
			defaultConfigurationName = Release;
		};
		8B00018426E28DF0004D175E /* Build configuration list for PBXNativeTarget "MARCO" */ = {
			isa = XCConfigurationList;
			buildConfigurations = (
				8B00018526E28DF0004D175E /* Debug */,
				8B00018626E28DF0004D175E /* Release */,
			);
			defaultConfigurationIsVisible = 0;
			defaultConfigurationName = Release;
		};
/* End XCConfigurationList section */

/* Begin XCVersionGroup section */
		8B00017E26E28DF0004D175E /* MARCO.xcdatamodeld */ = {
			isa = XCVersionGroup;
			children = (
				8B00017F26E28DF0004D175E /* MARCO.xcdatamodel */,
			);
			currentVersion = 8B00017F26E28DF0004D175E /* MARCO.xcdatamodel */;
			path = MARCO.xcdatamodeld;
			sourceTree = "<group>";
			versionGroupType = wrapper.xcdatamodel;
		};
/* End XCVersionGroup section */
	};
	rootObject = 8B00016826E28DEE004D175E /* Project object */;
}
